// !$*UTF8*$!
{
	archiveVersion = 1;
	classes = {
	};
	objectVersion = 46;
	objects = {

/* Begin PBXBuildFile section */
		674AA8391DD0656D00B0B56B /* main.m in Sources */ = {isa = PBXBuildFile; fileRef = 674AA8381DD0656D00B0B56B /* main.m */; };
		674AA83C1DD0656D00B0B56B /* AppDelegate.m in Sources */ = {isa = PBXBuildFile; fileRef = 674AA83B1DD0656D00B0B56B /* AppDelegate.m */; };
		674AA83F1DD0656D00B0B56B /* ViewController.m in Sources */ = {isa = PBXBuildFile; fileRef = 674AA83E1DD0656D00B0B56B /* ViewController.m */; };
		674AA8421DD0656D00B0B56B /* Main.storyboard in Resources */ = {isa = PBXBuildFile; fileRef = 674AA8401DD0656D00B0B56B /* Main.storyboard */; };
		674AA8441DD0656D00B0B56B /* Assets.xcassets in Resources */ = {isa = PBXBuildFile; fileRef = 674AA8431DD0656D00B0B56B /* Assets.xcassets */; };
		674AA8471DD0656D00B0B56B /* LaunchScreen.storyboard in Resources */ = {isa = PBXBuildFile; fileRef = 674AA8451DD0656D00B0B56B /* LaunchScreen.storyboard */; };
		674AA8521DD0656D00B0B56B /* theProgressBarTests.m in Sources */ = {isa = PBXBuildFile; fileRef = 674AA8511DD0656D00B0B56B /* theProgressBarTests.m */; };
		674AA85D1DD0656D00B0B56B /* theProgressBarUITests.m in Sources */ = {isa = PBXBuildFile; fileRef = 674AA85C1DD0656D00B0B56B /* theProgressBarUITests.m */; };
		674AA86C1DD0660B00B0B56B /* SProgressView.m in Sources */ = {isa = PBXBuildFile; fileRef = 674AA86B1DD0660B00B0B56B /* SProgressView.m */; };
/* End PBXBuildFile section */

/* Begin PBXContainerItemProxy section */
		674AA84E1DD0656D00B0B56B /* PBXContainerItemProxy */ = {
			isa = PBXContainerItemProxy;
			containerPortal = 674AA82C1DD0656D00B0B56B /* Project object */;
			proxyType = 1;
			remoteGlobalIDString = 674AA8331DD0656D00B0B56B;
			remoteInfo = theProgressBar;
		};
		674AA8591DD0656D00B0B56B /* PBXContainerItemProxy */ = {
			isa = PBXContainerItemProxy;
			containerPortal = 674AA82C1DD0656D00B0B56B /* Project object */;
			proxyType = 1;
			remoteGlobalIDString = 674AA8331DD0656D00B0B56B;
			remoteInfo = theProgressBar;
		};
/* End PBXContainerItemProxy section */

/* Begin PBXFileReference section */
		674AA8341DD0656D00B0B56B /* theProgressBar.app */ = {isa = PBXFileReference; explicitFileType = wrapper.application; includeInIndex = 0; path = theProgressBar.app; sourceTree = BUILT_PRODUCTS_DIR; };
		674AA8381DD0656D00B0B56B /* main.m */ = {isa = PBXFileReference; lastKnownFileType = sourcecode.c.objc; path = main.m; sourceTree = "<group>"; };
		674AA83A1DD0656D00B0B56B /* AppDelegate.h */ = {isa = PBXFileReference; lastKnownFileType = sourcecode.c.h; path = AppDelegate.h; sourceTree = "<group>"; };
		674AA83B1DD0656D00B0B56B /* AppDelegate.m */ = {isa = PBXFileReference; lastKnownFileType = sourcecode.c.objc; path = AppDelegate.m; sourceTree = "<group>"; };
		674AA83D1DD0656D00B0B56B /* ViewController.h */ = {isa = PBXFileReference; lastKnownFileType = sourcecode.c.h; path = ViewController.h; sourceTree = "<group>"; };
		674AA83E1DD0656D00B0B56B /* ViewController.m */ = {isa = PBXFileReference; lastKnownFileType = sourcecode.c.objc; path = ViewController.m; sourceTree = "<group>"; };
		674AA8411DD0656D00B0B56B /* Base */ = {isa = PBXFileReference; lastKnownFileType = file.storyboard; name = Base; path = Base.lproj/Main.storyboard; sourceTree = "<group>"; };
		674AA8431DD0656D00B0B56B /* Assets.xcassets */ = {isa = PBXFileReference; lastKnownFileType = folder.assetcatalog; path = Assets.xcassets; sourceTree = "<group>"; };
		674AA8461DD0656D00B0B56B /* Base */ = {isa = PBXFileReference; lastKnownFileType = file.storyboard; name = Base; path = Base.lproj/LaunchScreen.storyboard; sourceTree = "<group>"; };
		674AA8481DD0656D00B0B56B /* Info.plist */ = {isa = PBXFileReference; lastKnownFileType = text.plist.xml; path = Info.plist; sourceTree = "<group>"; };
		674AA84D1DD0656D00B0B56B /* theProgressBarTests.xctest */ = {isa = PBXFileReference; explicitFileType = wrapper.cfbundle; includeInIndex = 0; path = theProgressBarTests.xctest; sourceTree = BUILT_PRODUCTS_DIR; };
		674AA8511DD0656D00B0B56B /* theProgressBarTests.m */ = {isa = PBXFileReference; lastKnownFileType = sourcecode.c.objc; path = theProgressBarTests.m; sourceTree = "<group>"; };
		674AA8531DD0656D00B0B56B /* Info.plist */ = {isa = PBXFileReference; lastKnownFileType = text.plist.xml; path = Info.plist; sourceTree = "<group>"; };
		674AA8581DD0656D00B0B56B /* theProgressBarUITests.xctest */ = {isa = PBXFileReference; explicitFileType = wrapper.cfbundle; includeInIndex = 0; path = theProgressBarUITests.xctest; sourceTree = BUILT_PRODUCTS_DIR; };
		674AA85C1DD0656D00B0B56B /* theProgressBarUITests.m */ = {isa = PBXFileReference; lastKnownFileType = sourcecode.c.objc; path = theProgressBarUITests.m; sourceTree = "<group>"; };
		674AA85E1DD0656D00B0B56B /* Info.plist */ = {isa = PBXFileReference; lastKnownFileType = text.plist.xml; path = Info.plist; sourceTree = "<group>"; };
		674AA86A1DD0660B00B0B56B /* SProgressView.h */ = {isa = PBXFileReference; fileEncoding = 4; lastKnownFileType = sourcecode.c.h; path = SProgressView.h; sourceTree = "<group>"; };
		674AA86B1DD0660B00B0B56B /* SProgressView.m */ = {isa = PBXFileReference; fileEncoding = 4; lastKnownFileType = sourcecode.c.objc; path = SProgressView.m; sourceTree = "<group>"; };
/* End PBXFileReference section */

/* Begin PBXFrameworksBuildPhase section */
		674AA8311DD0656D00B0B56B /* Frameworks */ = {
			isa = PBXFrameworksBuildPhase;
			buildActionMask = 2147483647;
			files = (
			);
			runOnlyForDeploymentPostprocessing = 0;
		};
		674AA84A1DD0656D00B0B56B /* Frameworks */ = {
			isa = PBXFrameworksBuildPhase;
			buildActionMask = 2147483647;
			files = (
			);
			runOnlyForDeploymentPostprocessing = 0;
		};
		674AA8551DD0656D00B0B56B /* Frameworks */ = {
			isa = PBXFrameworksBuildPhase;
			buildActionMask = 2147483647;
			files = (
			);
			runOnlyForDeploymentPostprocessing = 0;
		};
/* End PBXFrameworksBuildPhase section */

/* Begin PBXGroup section */
		674AA82B1DD0656D00B0B56B = {
			isa = PBXGroup;
			children = (
				674AA8361DD0656D00B0B56B /* theProgressBar */,
				674AA8501DD0656D00B0B56B /* theProgressBarTests */,
				674AA85B1DD0656D00B0B56B /* theProgressBarUITests */,
				674AA8351DD0656D00B0B56B /* Products */,
			);
			sourceTree = "<group>";
		};
		674AA8351DD0656D00B0B56B /* Products */ = {
			isa = PBXGroup;
			children = (
				674AA8341DD0656D00B0B56B /* theProgressBar.app */,
				674AA84D1DD0656D00B0B56B /* theProgressBarTests.xctest */,
				674AA8581DD0656D00B0B56B /* theProgressBarUITests.xctest */,
			);
			name = Products;
			sourceTree = "<group>";
		};
		674AA8361DD0656D00B0B56B /* theProgressBar */ = {
			isa = PBXGroup;
			children = (
				674AA86A1DD0660B00B0B56B /* SProgressView.h */,
				674AA86B1DD0660B00B0B56B /* SProgressView.m */,
				674AA83A1DD0656D00B0B56B /* AppDelegate.h */,
				674AA83B1DD0656D00B0B56B /* AppDelegate.m */,
				674AA83D1DD0656D00B0B56B /* ViewController.h */,
				674AA83E1DD0656D00B0B56B /* ViewController.m */,
				674AA8401DD0656D00B0B56B /* Main.storyboard */,
				674AA8431DD0656D00B0B56B /* Assets.xcassets */,
				674AA8451DD0656D00B0B56B /* LaunchScreen.storyboard */,
				674AA8481DD0656D00B0B56B /* Info.plist */,
				674AA8371DD0656D00B0B56B /* Supporting Files */,
			);
			path = theProgressBar;
			sourceTree = "<group>";
		};
		674AA8371DD0656D00B0B56B /* Supporting Files */ = {
			isa = PBXGroup;
			children = (
				674AA8381DD0656D00B0B56B /* main.m */,
			);
			name = "Supporting Files";
			sourceTree = "<group>";
		};
		674AA8501DD0656D00B0B56B /* theProgressBarTests */ = {
			isa = PBXGroup;
			children = (
				674AA8511DD0656D00B0B56B /* theProgressBarTests.m */,
				674AA8531DD0656D00B0B56B /* Info.plist */,
			);
			path = theProgressBarTests;
			sourceTree = "<group>";
		};
		674AA85B1DD0656D00B0B56B /* theProgressBarUITests */ = {
			isa = PBXGroup;
			children = (
				674AA85C1DD0656D00B0B56B /* theProgressBarUITests.m */,
				674AA85E1DD0656D00B0B56B /* Info.plist */,
			);
			path = theProgressBarUITests;
			sourceTree = "<group>";
		};
/* End PBXGroup section */

/* Begin PBXNativeTarget section */
		674AA8331DD0656D00B0B56B /* theProgressBar */ = {
			isa = PBXNativeTarget;
			buildConfigurationList = 674AA8611DD0656D00B0B56B /* Build configuration list for PBXNativeTarget "theProgressBar" */;
			buildPhases = (
				674AA8301DD0656D00B0B56B /* Sources */,
				674AA8311DD0656D00B0B56B /* Frameworks */,
				674AA8321DD0656D00B0B56B /* Resources */,
			);
			buildRules = (
			);
			dependencies = (
			);
			name = theProgressBar;
			productName = theProgressBar;
			productReference = 674AA8341DD0656D00B0B56B /* theProgressBar.app */;
			productType = "com.apple.product-type.application";
		};
		674AA84C1DD0656D00B0B56B /* theProgressBarTests */ = {
			isa = PBXNativeTarget;
			buildConfigurationList = 674AA8641DD0656D00B0B56B /* Build configuration list for PBXNativeTarget "theProgressBarTests" */;
			buildPhases = (
				674AA8491DD0656D00B0B56B /* Sources */,
				674AA84A1DD0656D00B0B56B /* Frameworks */,
				674AA84B1DD0656D00B0B56B /* Resources */,
			);
			buildRules = (
			);
			dependencies = (
				674AA84F1DD0656D00B0B56B /* PBXTargetDependency */,
			);
			name = theProgressBarTests;
			productName = theProgressBarTests;
			productReference = 674AA84D1DD0656D00B0B56B /* theProgressBarTests.xctest */;
			productType = "com.apple.product-type.bundle.unit-test";
		};
		674AA8571DD0656D00B0B56B /* theProgressBarUITests */ = {
			isa = PBXNativeTarget;
			buildConfigurationList = 674AA8671DD0656D00B0B56B /* Build configuration list for PBXNativeTarget "theProgressBarUITests" */;
			buildPhases = (
				674AA8541DD0656D00B0B56B /* Sources */,
				674AA8551DD0656D00B0B56B /* Frameworks */,
				674AA8561DD0656D00B0B56B /* Resources */,
			);
			buildRules = (
			);
			dependencies = (
				674AA85A1DD0656D00B0B56B /* PBXTargetDependency */,
			);
			name = theProgressBarUITests;
			productName = theProgressBarUITests;
			productReference = 674AA8581DD0656D00B0B56B /* theProgressBarUITests.xctest */;
			productType = "com.apple.product-type.bundle.ui-testing";
		};
/* End PBXNativeTarget section */

/* Begin PBXProject section */
		674AA82C1DD0656D00B0B56B /* Project object */ = {
			isa = PBXProject;
			attributes = {
				LastUpgradeCheck = 0800;
				ORGANIZATIONNAME = Paul;
				TargetAttributes = {
					674AA8331DD0656D00B0B56B = {
						CreatedOnToolsVersion = 8.0;
						ProvisioningStyle = Automatic;
					};
					674AA84C1DD0656D00B0B56B = {
						CreatedOnToolsVersion = 8.0;
						ProvisioningStyle = Automatic;
						TestTargetID = 674AA8331DD0656D00B0B56B;
					};
					674AA8571DD0656D00B0B56B = {
						CreatedOnToolsVersion = 8.0;
						ProvisioningStyle = Automatic;
						TestTargetID = 674AA8331DD0656D00B0B56B;
					};
				};
			};
			buildConfigurationList = 674AA82F1DD0656D00B0B56B /* Build configuration list for PBXProject "theProgressBar" */;
			compatibilityVersion = "Xcode 3.2";
			developmentRegion = English;
			hasScannedForEncodings = 0;
			knownRegions = (
				en,
				Base,
			);
			mainGroup = 674AA82B1DD0656D00B0B56B;
			productRefGroup = 674AA8351DD0656D00B0B56B /* Products */;
			projectDirPath = "";
			projectRoot = "";
			targets = (
				674AA8331DD0656D00B0B56B /* theProgressBar */,
				674AA84C1DD0656D00B0B56B /* theProgressBarTests */,
				674AA8571DD0656D00B0B56B /* theProgressBarUITests */,
			);
		};
/* End PBXProject section */

/* Begin PBXResourcesBuildPhase section */
		674AA8321DD0656D00B0B56B /* Resources */ = {
			isa = PBXResourcesBuildPhase;
			buildActionMask = 2147483647;
			files = (
				674AA8471DD0656D00B0B56B /* LaunchScreen.storyboard in Resources */,
				674AA8441DD0656D00B0B56B /* Assets.xcassets in Resources */,
				674AA8421DD0656D00B0B56B /* Main.storyboard in Resources */,
			);
			runOnlyForDeploymentPostprocessing = 0;
		};
		674AA84B1DD0656D00B0B56B /* Resources */ = {
			isa = PBXResourcesBuildPhase;
			buildActionMask = 2147483647;
			files = (
			);
			runOnlyForDeploymentPostprocessing = 0;
		};
		674AA8561DD0656D00B0B56B /* Resources */ = {
			isa = PBXResourcesBuildPhase;
			buildActionMask = 2147483647;
			files = (
			);
			runOnlyForDeploymentPostprocessing = 0;
		};
/* End PBXResourcesBuildPhase section */

/* Begin PBXSourcesBuildPhase section */
		674AA8301DD0656D00B0B56B /* Sources */ = {
			isa = PBXSourcesBuildPhase;
			buildActionMask = 2147483647;
			files = (
				674AA83F1DD0656D00B0B56B /* ViewController.m in Sources */,
				674AA86C1DD0660B00B0B56B /* SProgressView.m in Sources */,
				674AA83C1DD0656D00B0B56B /* AppDelegate.m in Sources */,
				674AA8391DD0656D00B0B56B /* main.m in Sources */,
			);
			runOnlyForDeploymentPostprocessing = 0;
		};
		674AA8491DD0656D00B0B56B /* Sources */ = {
			isa = PBXSourcesBuildPhase;
			buildActionMask = 2147483647;
			files = (
				674AA8521DD0656D00B0B56B /* theProgressBarTests.m in Sources */,
			);
			runOnlyForDeploymentPostprocessing = 0;
		};
		674AA8541DD0656D00B0B56B /* Sources */ = {
			isa = PBXSourcesBuildPhase;
			buildActionMask = 2147483647;
			files = (
				674AA85D1DD0656D00B0B56B /* theProgressBarUITests.m in Sources */,
			);
			runOnlyForDeploymentPostprocessing = 0;
		};
/* End PBXSourcesBuildPhase section */

/* Begin PBXTargetDependency section */
		674AA84F1DD0656D00B0B56B /* PBXTargetDependency */ = {
			isa = PBXTargetDependency;
			target = 674AA8331DD0656D00B0B56B /* theProgressBar */;
			targetProxy = 674AA84E1DD0656D00B0B56B /* PBXContainerItemProxy */;
		};
		674AA85A1DD0656D00B0B56B /* PBXTargetDependency */ = {
			isa = PBXTargetDependency;
			target = 674AA8331DD0656D00B0B56B /* theProgressBar */;
			targetProxy = 674AA8591DD0656D00B0B56B /* PBXContainerItemProxy */;
		};
/* End PBXTargetDependency section */

/* Begin PBXVariantGroup section */
		674AA8401DD0656D00B0B56B /* Main.storyboard */ = {
			isa = PBXVariantGroup;
			children = (
				674AA8411DD0656D00B0B56B /* Base */,
			);
			name = Main.storyboard;
			sourceTree = "<group>";
		};
		674AA8451DD0656D00B0B56B /* LaunchScreen.storyboard */ = {
			isa = PBXVariantGroup;
			children = (
				674AA8461DD0656D00B0B56B /* Base */,
			);
			name = LaunchScreen.storyboard;
			sourceTree = "<group>";
		};
/* End PBXVariantGroup section */

/* Begin XCBuildConfiguration section */
		674AA85F1DD0656D00B0B56B /* Debug */ = {
			isa = XCBuildConfiguration;
			buildSettings = {
				ALWAYS_SEARCH_USER_PATHS = NO;
				CLANG_ANALYZER_NONNULL = YES;
				CLANG_CXX_LANGUAGE_STANDARD = "gnu++0x";
				CLANG_CXX_LIBRARY = "libc++";
				CLANG_ENABLE_MODULES = YES;
				CLANG_ENABLE_OBJC_ARC = YES;
				CLANG_WARN_BOOL_CONVERSION = YES;
				CLANG_WARN_CONSTANT_CONVERSION = YES;
				CLANG_WARN_DIRECT_OBJC_ISA_USAGE = YES_ERROR;
				CLANG_WARN_DOCUMENTATION_COMMENTS = YES;
				CLANG_WARN_EMPTY_BODY = YES;
				CLANG_WARN_ENUM_CONVERSION = YES;
				CLANG_WARN_INFINITE_RECURSION = YES;
				CLANG_WARN_INT_CONVERSION = YES;
				CLANG_WARN_OBJC_ROOT_CLASS = YES_ERROR;
				CLANG_WARN_SUSPICIOUS_MOVES = YES;
				CLANG_WARN_UNREACHABLE_CODE = YES;
				CLANG_WARN__DUPLICATE_METHOD_MATCH = YES;
				"CODE_SIGN_IDENTITY[sdk=iphoneos*]" = "iPhone Developer";
				COPY_PHASE_STRIP = NO;
				DEBUG_INFORMATION_FORMAT = dwarf;
				ENABLE_STRICT_OBJC_MSGSEND = YES;
				ENABLE_TESTABILITY = YES;
				GCC_C_LANGUAGE_STANDARD = gnu99;
				GCC_DYNAMIC_NO_PIC = NO;
				GCC_NO_COMMON_BLOCKS = YES;
				GCC_OPTIMIZATION_LEVEL = 0;
				GCC_PREPROCESSOR_DEFINITIONS = (
					"DEBUG=1",
					"$(inherited)",
				);
				GCC_WARN_64_TO_32_BIT_CONVERSION = YES;
				GCC_WARN_ABOUT_RETURN_TYPE = YES_ERROR;
				GCC_WARN_UNDECLARED_SELECTOR = YES;
				GCC_WARN_UNINITIALIZED_AUTOS = YES_AGGRESSIVE;
				GCC_WARN_UNUSED_FUNCTION = YES;
				GCC_WARN_UNUSED_VARIABLE = YES;
				IPHONEOS_DEPLOYMENT_TARGET = 10.0;
				MTL_ENABLE_DEBUG_INFO = YES;
				ONLY_ACTIVE_ARCH = YES;
				SDKROOT = iphoneos;
			};
			name = Debug;
		};
		674AA8601DD0656D00B0B56B /* Release */ = {
			isa = XCBuildConfiguration;
			buildSettings = {
				ALWAYS_SEARCH_USER_PATHS = NO;
				CLANG_ANALYZER_NONNULL = YES;
				CLANG_CXX_LANGUAGE_STANDARD = "gnu++0x";
				CLANG_CXX_LIBRARY = "libc++";
				CLANG_ENABLE_MODULES = YES;
				CLANG_ENABLE_OBJC_ARC = YES;
				CLANG_WARN_BOOL_CONVERSION = YES;
				CLANG_WARN_CONSTANT_CONVERSION = YES;
				CLANG_WARN_DIRECT_OBJC_ISA_USAGE = YES_ERROR;
				CLANG_WARN_DOCUMENTATION_COMMENTS = YES;
				CLANG_WARN_EMPTY_BODY = YES;
				CLANG_WARN_ENUM_CONVERSION = YES;
				CLANG_WARN_INFINITE_RECURSION = YES;
				CLANG_WARN_INT_CONVERSION = YES;
				CLANG_WARN_OBJC_ROOT_CLASS = YES_ERROR;
				CLANG_WARN_SUSPICIOUS_MOVES = YES;
				CLANG_WARN_UNREACHABLE_CODE = YES;
				CLANG_WARN__DUPLICATE_METHOD_MATCH = YES;
				"CODE_SIGN_IDENTITY[sdk=iphoneos*]" = "iPhone Developer";
				COPY_PHASE_STRIP = NO;
				DEBUG_INFORMATION_FORMAT = "dwarf-with-dsym";
				ENABLE_NS_ASSERTIONS = NO;
				ENABLE_STRICT_OBJC_MSGSEND = YES;
				GCC_C_LANGUAGE_STANDARD = gnu99;
				GCC_NO_COMMON_BLOCKS = YES;
				GCC_WARN_64_TO_32_BIT_CONVERSION = YES;
				GCC_WARN_ABOUT_RETURN_TYPE = YES_ERROR;
				GCC_WARN_UNDECLARED_SELECTOR = YES;
				GCC_WARN_UNINITIALIZED_AUTOS = YES_AGGRESSIVE;
				GCC_WARN_UNUSED_FUNCTION = YES;
				GCC_WARN_UNUSED_VARIABLE = YES;
				IPHONEOS_DEPLOYMENT_TARGET = 10.0;
				MTL_ENABLE_DEBUG_INFO = NO;
				SDKROOT = iphoneos;
				VALIDATE_PRODUCT = YES;
			};
			name = Release;
		};
		674AA8621DD0656D00B0B56B /* Debug */ = {
			isa = XCBuildConfiguration;
			buildSettings = {
				ASSETCATALOG_COMPILER_APPICON_NAME = AppIcon;
				INFOPLIST_FILE = theProgressBar/Info.plist;
				LD_RUNPATH_SEARCH_PATHS = "$(inherited) @executable_path/Frameworks";
				PRODUCT_BUNDLE_IDENTIFIER = "china-zsp-sina.com.theProgressBar";
				PRODUCT_NAME = "$(TARGET_NAME)";
			};
			name = Debug;
		};
		674AA8631DD0656D00B0B56B /* Release */ = {
			isa = XCBuildConfiguration;
			buildSettings = {
				ASSETCATALOG_COMPILER_APPICON_NAME = AppIcon;
				INFOPLIST_FILE = theProgressBar/Info.plist;
				LD_RUNPATH_SEARCH_PATHS = "$(inherited) @executable_path/Frameworks";
				PRODUCT_BUNDLE_IDENTIFIER = "china-zsp-sina.com.theProgressBar";
				PRODUCT_NAME = "$(TARGET_NAME)";
			};
			name = Release;
		};
		674AA8651DD0656D00B0B56B /* Debug */ = {
			isa = XCBuildConfiguration;
			buildSettings = {
				BUNDLE_LOADER = "$(TEST_HOST)";
				INFOPLIST_FILE = theProgressBarTests/Info.plist;
				LD_RUNPATH_SEARCH_PATHS = "$(inherited) @executable_path/Frameworks @loader_path/Frameworks";
				PRODUCT_BUNDLE_IDENTIFIER = "china-zsp-sina.com.theProgressBarTests";
				PRODUCT_NAME = "$(TARGET_NAME)";
				TEST_HOST = "$(BUILT_PRODUCTS_DIR)/theProgressBar.app/theProgressBar";
			};
			name = Debug;
		};
		674AA8661DD0656D00B0B56B /* Release */ = {
			isa = XCBuildConfiguration;
			buildSettings = {
				BUNDLE_LOADER = "$(TEST_HOST)";
				INFOPLIST_FILE = theProgressBarTests/Info.plist;
				LD_RUNPATH_SEARCH_PATHS = "$(inherited) @executable_path/Frameworks @loader_path/Frameworks";
				PRODUCT_BUNDLE_IDENTIFIER = "china-zsp-sina.com.theProgressBarTests";
				PRODUCT_NAME = "$(TARGET_NAME)";
				TEST_HOST = "$(BUILT_PRODUCTS_DIR)/theProgressBar.app/theProgressBar";
			};
			name = Release;
		};
		674AA8681DD0656D00B0B56B /* Debug */ = {
			isa = XCBuildConfiguration;
			buildSettings = {
				INFOPLIST_FILE = theProgressBarUITests/Info.plist;
				LD_RUNPATH_SEARCH_PATHS = "$(inherited) @executable_path/Frameworks @loader_path/Frameworks";
				PRODUCT_BUNDLE_IDENTIFIER = "china-zsp-sina.com.theProgressBarUITests";
				PRODUCT_NAME = "$(TARGET_NAME)";
				TEST_TARGET_NAME = theProgressBar;
			};
			name = Debug;
		};
		674AA8691DD0656D00B0B56B /* Release */ = {
			isa = XCBuildConfiguration;
			buildSettings = {
				INFOPLIST_FILE = theProgressBarUITests/Info.plist;
				LD_RUNPATH_SEARCH_PATHS = "$(inherited) @executable_path/Frameworks @loader_path/Frameworks";
				PRODUCT_BUNDLE_IDENTIFIER = "china-zsp-sina.com.theProgressBarUITests";
				PRODUCT_NAME = "$(TARGET_NAME)";
				TEST_TARGET_NAME = theProgressBar;
			};
			name = Release;
		};
/* End XCBuildConfiguration section */

/* Begin XCConfigurationList section */
		674AA82F1DD0656D00B0B56B /* Build configuration list for PBXProject "theProgressBar" */ = {
			isa = XCConfigurationList;
			buildConfigurations = (
				674AA85F1DD0656D00B0B56B /* Debug */,
				674AA8601DD0656D00B0B56B /* Release */,
			);
			defaultConfigurationIsVisible = 0;
			defaultConfigurationName = Release;
		};
		674AA8611DD0656D00B0B56B /* Build configuration list for PBXNativeTarget "theProgressBar" */ = {
			isa = XCConfigurationList;
			buildConfigurations = (
				674AA8621DD0656D00B0B56B /* Debug */,
				674AA8631DD0656D00B0B56B /* Release */,
			);
			defaultConfigurationIsVisible = 0;
		};
		674AA8641DD0656D00B0B56B /* Build configuration list for PBXNativeTarget "theProgressBarTests" */ = {
			isa = XCConfigurationList;
			buildConfigurations = (
				674AA8651DD0656D00B0B56B /* Debug */,
				674AA8661DD0656D00B0B56B /* Release */,
			);
			defaultConfigurationIsVisible = 0;
		};
		674AA8671DD0656D00B0B56B /* Build configuration list for PBXNativeTarget "theProgressBarUITests" */ = {
			isa = XCConfigurationList;
			buildConfigurations = (
				674AA8681DD0656D00B0B56B /* Debug */,
				674AA8691DD0656D00B0B56B /* Release */,
			);
			defaultConfigurationIsVisible = 0;
		};
/* End XCConfigurationList section */
	};
	rootObject = 674AA82C1DD0656D00B0B56B /* Project object */;
}
